{
  "version": 1,
  "dependencies": {
    "net9.0": {
      "Azure.Identity": {
        "type": "Direct",
        "requested": "[1.13.2, )",
        "resolved": "1.13.2",
        "contentHash": "CngQVQELdzFmsGSWyGIPIUOCrII7nApMVWxVmJCKQQrWxRXcNquCsZ+njRJRnhFUfD+KMAhpjyRCaceE4EOL6A==",
        "dependencies": {
          "Azure.Core": "1.44.1",
          "Microsoft.Identity.Client": "4.67.2",
          "Microsoft.Identity.Client.Extensions.Msal": "4.67.2",
          "System.Memory": "4.5.5",
          "System.Threading.Tasks.Extensions": "4.5.4"
        }
      },
      "Azure.Monitor.OpenTelemetry.Exporter": {
        "type": "Direct",
        "requested": "[1.3.0, )",
        "resolved": "1.3.0",
        "contentHash": "sduxx5YHiEGh+O7vEa0Zp01/6lxdzc2hEROK9GZJ4pQV7oMv2TwyIFHDR040xcNHhYkNNgY6StwVNLH9/SM5Og==",
        "dependencies": {
          "Azure.Core": "1.40.0",
          "OpenTelemetry": "1.8.1",
          "OpenTelemetry.PersistentStorage.FileSystem": "1.0.0"
        }
      },
      "FluentValidation": {
        "type": "Direct",
        "requested": "[11.11.0, )",
        "resolved": "11.11.0",
        "contentHash": "cyIVdQBwSipxWG8MA3Rqox7iNbUNUTK5bfJi9tIdm4CAfH71Oo5ABLP4/QyrUwuakqpUEPGtE43BDddvEehuYw=="
      },
      "FluentValidation.DependencyInjectionExtensions": {
        "type": "Direct",
        "requested": "[11.11.0, )",
        "resolved": "11.11.0",
        "contentHash": "viTKWaMbL3yJYgGI0DiCeavNbE9UPMWFVK2XS9nYXGbm3NDMd0/L5ER4wBzmTtW3BYh3SrlSXm9RACiKZ6stlA==",
        "dependencies": {
          "FluentValidation": "11.11.0",
          "Microsoft.Extensions.Dependencyinjection.Abstractions": "2.1.0"
        }
      },
      "HotChocolate": {
        "type": "Direct",
        "requested": "[13.9.14, )",
        "resolved": "13.9.14",
        "contentHash": "m3PRl1NUw8DqUBKE4tY8wMxyqxJtEUtoYvkFTl2XoPQeTAWBjpjvV1pgy5vo8wNQeSZ37Wg9AjMiDPWv3+KMWw==",
        "dependencies": {
          "HotChocolate.Authorization": "13.9.14",
          "HotChocolate.Execution": "13.9.14",
          "HotChocolate.Fetching": "13.9.14",
          "HotChocolate.Types": "13.9.14",
          "HotChocolate.Types.CursorPagination": "13.9.14",
          "HotChocolate.Types.Mutations": "13.9.14",
          "HotChocolate.Types.OffsetPagination": "13.9.14",
          "HotChocolate.Validation": "13.9.14"
        }
      },
      "HotChocolate.AspNetCore": {
        "type": "Direct",
        "requested": "[13.9.14, )",
        "resolved": "13.9.14",
        "contentHash": "VFj1i9cxCj2BivV9c6+6MJ7aUqaRhkB6Vu9ZIyeOawGFjZY+bWUfMDZhmC7ErgbHIFKWDWyagn/UEKSaPRGHVg==",
        "dependencies": {
          "BananaCakePop.Middleware": "16.0.3",
          "HotChocolate": "13.9.14",
          "HotChocolate.Subscriptions.InMemory": "13.9.14",
          "HotChocolate.Transport.Sockets": "13.9.14",
          "HotChocolate.Types.Scalars.Upload": "13.9.14",
          "HotChocolate.Utilities.DependencyInjection": "13.9.14"
        }
      },
      "HotChocolate.AspNetCore.Authorization": {
        "type": "Direct",
        "requested": "[13.9.14, )",
        "resolved": "13.9.14",
        "contentHash": "1IVJM6TADcxi4frrnoDWXKnrdAt0SdtMzrWoPvHw9UgPdbtwo3X06/7WwNvM7fhEPLj/YeIQvzB8d7pyMZUapw==",
        "dependencies": {
          "HotChocolate": "13.9.14"
        }
      },
      "HotChocolate.Diagnostics": {
        "type": "Direct",
        "requested": "[13.9.14, )",
        "resolved": "13.9.14",
        "contentHash": "YQGt0CNYGoyamUKZ1mGVTZrQ14FE1H3MPrdVNQl0MKqwzwTrvxtZFBgwMyeEDZrdJXxKxEmdRPMe+sxBYGAppA==",
        "dependencies": {
          "HotChocolate.AspNetCore": "13.9.14",
          "HotChocolate.Execution": "13.9.14",
          "OpenTelemetry.Api": "1.1.0",
          "System.Diagnostics.DiagnosticSource": "8.0.0"
        }
      },
      "HotChocolate.Stitching.Redis": {
        "type": "Direct",
        "requested": "[13.9.14, )",
        "resolved": "13.9.14",
        "contentHash": "pGfMvs3TOvgbA8dJZAj/Z48qz/rriDY6rR/AZbK21wmPvQjHvrED8gv3pTtExxOIBR4gX2MwKtUmrY3lPSIe6A==",
        "dependencies": {
          "HotChocolate": "13.9.14",
          "HotChocolate.Stitching": "13.9.14",
          "HotChocolate.Stitching.Abstractions": "13.9.14",
          "StackExchange.Redis": "2.6.80"
        }
      },
      "Microsoft.AspNetCore.HeaderPropagation": {
        "type": "Direct",
        "requested": "[9.0.2, )",
        "resolved": "9.0.2",
        "contentHash": "pWfaYjPcDzVmAWgCu8ZQ/Pw8dQP1dDGyjln0vxjHoPg5vNzqgbhqLTSj4j5G8nN1zXs93pLGWJmE6akEh0+HbA==",
        "dependencies": {
          "Microsoft.Extensions.DependencyInjection": "9.0.2",
          "Microsoft.Extensions.Http": "9.0.2"
        }
      },
      "Microsoft.Azure.AppConfiguration.AspNetCore": {
        "type": "Direct",
        "requested": "[8.0.0, )",
        "resolved": "8.0.0",
        "contentHash": "eg37WN0sNA4Ctsf43Na95Bmr++O6YmA9GXUXYy39tDh3cxQaJjc4zrYtt/fSMq1Y/ma92xCsgnU+LNKKjClh1g==",
        "dependencies": {
          "Microsoft.Extensions.Configuration.AzureAppConfiguration": "8.0.0"
        }
      },
      "Microsoft.CodeAnalysis.NetAnalyzers": {
        "type": "Direct",
        "requested": "[9.0.0, )",
        "resolved": "9.0.0",
        "contentHash": "JajbvkrBgtdRghavIjcJuNHMOja4lqBmEezbhZyqWPYh2cpLhT5mPpfC7NQVDO4IehWQum9t/nwF4v+qQGtYWg=="
      },
      "Microsoft.Identity.Web": {
        "type": "Direct",
        "requested": "[3.7.1, )",
        "resolved": "3.7.1",
        "contentHash": "VRcEmFfyv2KjTgez7fgTmY52Xvb1jEYw+5VWTOF8GXWxApL8DYuY4PWhE1Eu537ES3wQI+N15X/gutv6lw9QYw==",
        "dependencies": {
          "Microsoft.Extensions.Http": "3.1.3",
          "Microsoft.Identity.Web.Certificate": "3.7.1",
          "Microsoft.Identity.Web.Certificateless": "3.7.1",
          "Microsoft.Identity.Web.TokenAcquisition": "3.7.1",
          "Microsoft.Identity.Web.TokenCache": "3.7.1",
          "Microsoft.IdentityModel.Protocols.OpenIdConnect": "8.5.0",
          "Microsoft.IdentityModel.Validators": "8.5.0",
          "System.Formats.Asn1": "9.0.0",
          "System.IdentityModel.Tokens.Jwt": "8.5.0",
          "System.Text.Json": "9.0.0"
        }
      },
      "Microsoft.VisualStudio.Azure.Containers.Tools.Targets": {
        "type": "Direct",
        "requested": "[1.21.1, )",
        "resolved": "1.21.1",
        "contentHash": "uOr+MTuP+/RccXnWptvh7D34GVWMsRPC/qRnEm38xsdMGZnWU7oWgJi+m4sIWLa5l5PHTcXuhMY/sT+UO/BKRw=="
      },
      "OpenTelemetry": {
        "type": "Direct",
        "requested": "[1.11.1, )",
        "resolved": "1.11.1",
        "contentHash": "F+HBI2bE7RKmb8Bj0kBtZIVzCfpTe1ZyY6kYP/jny1+9oq7IdBnNsVXZlPev9OqQzRp3iXpJ1UsnN1YOEwdtkQ==",
        "dependencies": {
          "Microsoft.Extensions.Diagnostics.Abstractions": "9.0.0",
          "Microsoft.Extensions.Logging.Configuration": "9.0.0",
          "OpenTelemetry.Api.ProviderBuilderExtensions": "1.11.1"
        }
      },
      "OpenTelemetry.Exporter.Console": {
        "type": "Direct",
        "requested": "[1.11.1, )",
        "resolved": "1.11.1",
        "contentHash": "UzhxozZG2/OdPltkF9X0Xivh0tcEMjjCjaMpB8YVkTtdGDMTLnw4b9i8QaB5SRkOWwezO6jEXCQRHObJik528Q==",
        "dependencies": {
          "OpenTelemetry": "1.11.1"
        }
      },
      "OpenTelemetry.Exporter.OpenTelemetryProtocol": {
        "type": "Direct",
        "requested": "[1.11.1, )",
        "resolved": "1.11.1",
        "contentHash": "UiZBa+2b396Oxx9RX7h4ch+yZvX8nezxVkihPLU6zdEUfJbbVY2mNypJKEoW2Vh4xCaCp0fB6na3Kti+KfTVaw==",
        "dependencies": {
          "OpenTelemetry": "1.11.1"
        }
      },
      "OpenTelemetry.Exporter.Zipkin": {
        "type": "Direct",
        "requested": "[1.11.1, )",
        "resolved": "1.11.1",
        "contentHash": "iu2GpdZXmTTNmlH+q6sfb25GZx22rh0E8QpBJSIxGHzp7Yfcdq2nkJ/nn5awgjCxzi2nffKVlSyQHj2gctj9Cg==",
        "dependencies": {
          "OpenTelemetry": "1.11.1"
        }
      },
      "OpenTelemetry.Extensions.Hosting": {
        "type": "Direct",
        "requested": "[1.11.1, )",
        "resolved": "1.11.1",
        "contentHash": "D+Mh70aLi++rJALVkrkEMW2mCafCfWC62f55nknVclWaH1Fckv8l06mwYKw8zxB5CfzA0jVj3nKCbSW2fWVY5g==",
        "dependencies": {
          "Microsoft.Extensions.Hosting.Abstractions": "9.0.0",
          "OpenTelemetry": "1.11.1"
        }
      },
      "OpenTelemetry.Instrumentation.AspNetCore": {
        "type": "Direct",
        "requested": "[1.11.0, )",
        "resolved": "1.11.0",
        "contentHash": "pBTdlyIGZVfYyB9yizO393RyQgJk+4ViGt+vQb9JI3Qwk9LW6mXreL1oUfVqHCbbSJp2vyMacYxXVBSvtZiBXg==",
        "dependencies": {
          "OpenTelemetry.Api.ProviderBuilderExtensions": "[1.11.1, 2.0.0)"
        }
      },
      "OpenTelemetry.Instrumentation.Http": {
        "type": "Direct",
        "requested": "[1.11.0, )",
        "resolved": "1.11.0",
        "contentHash": "1ncYPNmMaYNPX664uo3FlmSVGETBKQbBvarbGgB5ZynERTFmCsZ7UqefvVe3vnPYOIAGOjbMAbprYF2BfMielg==",
        "dependencies": {
          "Microsoft.Extensions.Configuration": "9.0.0",
          "Microsoft.Extensions.Options": "9.0.0",
          "OpenTelemetry.Api.ProviderBuilderExtensions": "[1.11.1, 2.0.0)"
        }
      },
      "Yarp.ReverseProxy": {
        "type": "Direct",
        "requested": "[2.2.0, )",
        "resolved": "2.2.0",
        "contentHash": "t16Z+OplJEElJy1Q6t12EwMGF2BeLw8IKjD1ema7ewbCRaMqeVIRPZo3MlxidnRFRK+tV6II8tKYX+7N5ZS98A==",
        "dependencies": {
          "System.IO.Hashing": "8.0.0"
        }
      },
      "Azure.Core": {
        "type": "Transitive",
        "resolved": "1.44.1",
        "contentHash": "YyznXLQZCregzHvioip07/BkzjuWNXogJEVz9T5W6TwjNr17ax41YGzYMptlo2G10oLCuVPoyva62y0SIRDixg==",
        "dependencies": {
          "Microsoft.Bcl.AsyncInterfaces": "6.0.0",
          "System.ClientModel": "1.1.0",
          "System.Diagnostics.DiagnosticSource": "6.0.1",
          "System.Memory.Data": "6.0.0",
          "System.Numerics.Vectors": "4.5.0",
          "System.Text.Encodings.Web": "6.0.0",
          "System.Text.Json": "6.0.10",
          "System.Threading.Tasks.Extensions": "4.5.4"
        }
      },
      "Azure.Data.AppConfiguration": {
        "type": "Transitive",
        "resolved": "1.4.1",
        "contentHash": "O5p41AsutXizwH/HPyavCBqDC2WSZrdiK2Vf4ps/UP+JDnFh3FWhgzy9FAw10UlyGZ9BVwMz1CJW/SL9pEzmBg==",
        "dependencies": {
          "Azure.Core": "1.38.0",
          "Microsoft.Bcl.AsyncInterfaces": "1.1.1",
          "System.Text.Json": "4.7.2"
        }
      },
      "Azure.Messaging.EventGrid": {
        "type": "Transitive",
        "resolved": "4.7.0",
        "contentHash": "Wm5+RY6hNoIPVLPwmr3T1ijVm5GdLVZBij93c4Brwe9iB3X8nlUYNjlnQVVJqK4QLs85nGwqBGUpB4BfYdGXVQ==",
        "dependencies": {
          "Azure.Core": "1.20.0",
          "System.Memory.Data": "1.0.2",
          "System.Text.Json": "4.6.0"
        }
      },
      "Azure.Security.KeyVault.Certificates": {
        "type": "Transitive",
        "resolved": "4.6.0",
        "contentHash": "e2ATU/n2ZDL/S8A8EdrcfKEvKc2BojCrrSpmM+JKnrSTQS32x/W0Ldu8utk+epLKwXvSJRSWtlgdo7X8hG1mCg==",
        "dependencies": {
          "Azure.Core": "1.37.0",
          "System.Memory": "4.5.4",
          "System.Text.Json": "4.7.2",
          "System.Threading.Tasks.Extensions": "4.5.4"
        }
      },
      "Azure.Security.KeyVault.Secrets": {
        "type": "Transitive",
        "resolved": "4.6.0",
        "contentHash": "vwPceoznuT6glvirZcXlaCQrh1uzTSxpZUi2hRFNumHiS3hVyqIXI5fgWiLtlBzwqPJMTr0flUoSvGKjXXQlfg==",
        "dependencies": {
          "Azure.Core": "1.37.0",
          "System.Memory": "4.5.4",
          "System.Text.Json": "4.7.2",
          "System.Threading.Tasks.Extensions": "4.5.4"
        }
      },
      "BananaCakePop.Middleware": {
        "type": "Transitive",
        "resolved": "16.0.3",
        "contentHash": "gwWk5ykS1uum2/++x3UnGhmjs+4itxce1lW5YnKdb8JeG4QxAMzSWVGh3B1ehiKJNAuvNtbfBwp2BAQvOsq02g==",
        "dependencies": {
          "Yarp.ReverseProxy": "2.1.0"
        }
      },
      "DnsClient": {
        "type": "Transitive",
        "resolved": "1.7.0",
        "contentHash": "2hrXR83b5g6/ZMJOA36hXp4t56yb7G1mF3Hg6IkrHxvtyaoXRn2WVdgDPN3V8+GugOlUBbTWXgPaka4dXw1QIg==",
        "dependencies": {
          "Microsoft.Win32.Registry": "5.0.0"
        }
      },
      "GreenDonut": {
        "type": "Transitive",
        "resolved": "13.9.14",
        "contentHash": "RfTTnyalbb+Bd8Ls7d/hPneIljdXcsnxGWx4W7OebC5VXib0XuPRcZRd1BN4amHounvFXTP2FwDtFLdAIbB53g==",
        "dependencies": {
          "Microsoft.Extensions.ObjectPool": "8.0.0",
          "System.Diagnostics.DiagnosticSource": "8.0.0",
          "System.Threading.Tasks.Extensions": "4.5.0"
        }
      },
      "HotChocolate.Abstractions": {
        "type": "Transitive",
        "resolved": "13.9.14",
        "contentHash": "3y2RAmVhJItV9ukRVUxjR6v0SsTnHB919MEvx9zOzeTohvJfAefBcnksEYX3QsoqVoTRSodSRQumtxGNMnISGg==",
        "dependencies": {
          "HotChocolate.Language": "13.9.14",
          "System.Collections.Immutable": "8.0.0"
        }
      },
      "HotChocolate.Authorization": {
        "type": "Transitive",
        "resolved": "13.9.14",
        "contentHash": "hGbkStMSHn+wzPvfi3urLFjKEDYMZl6Ulo2baubfAfCG37gv56T+KcHGB7pGmtgvnoTCrL58ylZ6/44agTEcGQ==",
        "dependencies": {
          "HotChocolate.Execution": "13.9.14"
        }
      },
      "HotChocolate.Execution": {
        "type": "Transitive",
        "resolved": "13.9.14",
        "contentHash": "kCXb590Lknp+nsHkEiH0OIzWe1IrU9qSRIgO7xuztQbcz04oLvppS6zTrE1zeza2NeN4TiBuKiVVzCWl7oiV4g==",
        "dependencies": {
          "HotChocolate.Abstractions": "13.9.14",
          "HotChocolate.Execution.Abstractions": "13.9.14",
          "HotChocolate.Fetching": "13.9.14",
          "HotChocolate.Types": "13.9.14",
          "HotChocolate.Utilities.DependencyInjection": "13.9.14",
          "HotChocolate.Validation": "13.9.14",
          "Microsoft.Extensions.DependencyInjection": "8.0.0",
          "System.Threading.Channels": "8.0.0"
        }
      },
      "HotChocolate.Execution.Abstractions": {
        "type": "Transitive",
        "resolved": "13.9.14",
        "contentHash": "REDqHmUeFmrrnnVkNemrBnU9JvyJnT0f6v7AC09LyP/yj9+NVZBHMLzyu73uFmtaphLj8mVox2BVJXW3ts4fMg==",
        "dependencies": {
          "HotChocolate.Abstractions": "13.9.14",
          "Microsoft.Extensions.DependencyInjection.Abstractions": "8.0.0"
        }
      },
      "HotChocolate.Fetching": {
        "type": "Transitive",
        "resolved": "13.9.14",
        "contentHash": "EXNk5+VEBjGA0/GDSIMkhbeVspAyTV3exKszwimgSG76zFxe19/KDtBaN0Ojs6uq3mgqpcRU/BfFnybldsBPXQ==",
        "dependencies": {
          "GreenDonut": "13.9.14",
          "HotChocolate.Types": "13.9.14"
        }
      },
      "HotChocolate.Language": {
        "type": "Transitive",
        "resolved": "13.9.14",
        "contentHash": "MKRIltLfDSPRTXZfNVAtdWerYRvqmpzDGnW0Ceda6qdUviCUW8F7gtwm34kT7l7bmkQ6Dmr42FcLoNNK1COjgA==",
        "dependencies": {
          "HotChocolate.Language.SyntaxTree": "13.9.14",
          "HotChocolate.Language.Utf8": "13.9.14",
          "HotChocolate.Language.Visitors": "13.9.14",
          "HotChocolate.Language.Web": "13.9.14"
        }
      },
      "HotChocolate.Language.SyntaxTree": {
        "type": "Transitive",
        "resolved": "13.9.14",
        "contentHash": "zBJ2Gl9TJ3kxNI6KvWTv+WQ4E1d/8uZDBGcNI3+nlPPEy1BEay7zKyACwtcrkyNTCGgOJTbnBn+NX2cHI15XOw==",
        "dependencies": {
          "Microsoft.Extensions.ObjectPool": "8.0.0"
        }
      },
      "HotChocolate.Language.Utf8": {
        "type": "Transitive",
        "resolved": "13.9.14",
        "contentHash": "e3XKxFADjpSMx9ODPgs+f40pPPEJxOne6T2nnuaIzCE3B/mWeADmVnwwoebAz8lKdXLFe7Q8VmNGmVnRqnfEsw==",
        "dependencies": {
          "HotChocolate.Language.SyntaxTree": "13.9.14"
        }
      },
      "HotChocolate.Language.Visitors": {
        "type": "Transitive",
        "resolved": "13.9.14",
        "contentHash": "mNA3rkWCtg4l9UK8kaqiBl8EQaIFUszfObmn2gvOW6N1fCSb34dpdhFtdixGuL5LE5beWl9gmr/FaOtdQZC/Ig==",
        "dependencies": {
          "HotChocolate.Language.SyntaxTree": "13.9.14"
        }
      },
      "HotChocolate.Language.Web": {
        "type": "Transitive",
        "resolved": "13.9.14",
        "contentHash": "8hKwAD/45S3eUAJ0MMVy9V8lR3Det6A6kIsjmVBkdBbaQmNzmr3waJARuYgTlV+cjiyRo/QN0rOe2WQy+LA3Zg==",
        "dependencies": {
          "HotChocolate.Language.Utf8": "13.9.14"
        }
      },
      "HotChocolate.Stitching": {
        "type": "Transitive",
        "resolved": "13.9.14",
        "contentHash": "4MfOifezjSoVWhRfiHG1kfWTyz9HRvA4a6Tb7vfgQxkmaUKF/K1oQu4NFG6gfdpzJkwtmRhsMYbRlue3i/OFkg==",
        "dependencies": {
          "HotChocolate": "13.9.14",
          "HotChocolate.Stitching.Abstractions": "13.9.14",
          "HotChocolate.Transport.Http": "13.9.14",
          "HotChocolate.Utilities.Introspection": "13.9.14",
          "Microsoft.Extensions.Http": "8.0.0"
        }
      },
      "HotChocolate.Stitching.Abstractions": {
        "type": "Transitive",
        "resolved": "13.9.14",
        "contentHash": "MBFpzWXEZ2oH4y5ldD5JItzTiy2GLkBkT6YE5Ooh2MVOvJoXi4EqhVAP0HMXzK8E4KsxwF6oXnn9lSwsUqHSWg==",
        "dependencies": {
          "HotChocolate.Abstractions": "13.9.14",
          "HotChocolate.Language.SyntaxTree": "13.9.14"
        }
      },
      "HotChocolate.Subscriptions": {
        "type": "Transitive",
        "resolved": "13.9.14",
        "contentHash": "IJzm7EAtbA8/iaFpk5+WKNv73hcHQY+HsJmT3pGqeoRMSLCC7g5N9YZej653m0lW+sn6Y0BNbS0r+Kyg04e3vg==",
        "dependencies": {
          "HotChocolate.Abstractions": "13.9.14",
          "HotChocolate.Execution.Abstractions": "13.9.14"
        }
      },
      "HotChocolate.Subscriptions.InMemory": {
        "type": "Transitive",
        "resolved": "13.9.14",
        "contentHash": "bPRV4bO4PLKLiOJonjQVKTHjckGTYtRvqdwCBtloUp6uZT1OJ/4wlVniwmJKOu+gXRgyJvxAZApMq3/Ayr1Q5A==",
        "dependencies": {
          "HotChocolate.Execution.Abstractions": "13.9.14",
          "HotChocolate.Subscriptions": "13.9.14",
          "Microsoft.Extensions.DependencyInjection.Abstractions": "8.0.0"
        }
      },
      "HotChocolate.Transport.Abstractions": {
        "type": "Transitive",
        "resolved": "13.9.14",
        "contentHash": "7XeI5gKzngIQ9Nqg7yW4kCi6fZKBF3EJq3tVl5psTwj8WRz8FoTqKXFLOggEJqFna2hVkaOgUDeWF2OppxTzLA==",
        "dependencies": {
          "HotChocolate.Language.SyntaxTree": "13.9.14",
          "System.Collections.Immutable": "8.0.0",
          "System.Text.Json": "8.0.0"
        }
      },
      "HotChocolate.Transport.Http": {
        "type": "Transitive",
        "resolved": "13.9.14",
        "contentHash": "9GX/lXa6uF4gZfAavHlwUe5531A+eeeLk8E8vlT0/cVhrnsKHC8h39Yp97uWTMH66DkyoHZYBdM0GVlLavSmuw==",
        "dependencies": {
          "HotChocolate.Transport.Abstractions": "13.9.14",
          "HotChocolate.Utilities": "13.9.14",
          "System.IO.Pipelines": "8.0.0"
        }
      },
      "HotChocolate.Transport.Sockets": {
        "type": "Transitive",
        "resolved": "13.9.14",
        "contentHash": "i9K7pGKfc68ygUwBpsxAvmLZcaZCl9KdLQMB71yrX4J/V++k0E8XtWWoacNxBiRHYBxLQFeImWWPDRI4zpIpDg==",
        "dependencies": {
          "System.IO.Pipelines": "8.0.0"
        }
      },
      "HotChocolate.Types": {
        "type": "Transitive",
        "resolved": "13.9.14",
        "contentHash": "kw2mTxGnFZqWZlzW8h778IvHXqBpX90ZfOt+jG0ZUY1Y0zm1FSpXk43pZqmmCwANUWi4cxBg/9IuFzHYFhsoDA==",
        "dependencies": {
          "HotChocolate.Abstractions": "13.9.14",
          "HotChocolate.Types.Shared": "13.9.14",
          "HotChocolate.Utilities": "13.9.14",
          "Microsoft.Extensions.DependencyInjection.Abstractions": "8.0.0",
          "Microsoft.Extensions.ObjectPool": "8.0.0",
          "System.ComponentModel.Annotations": "5.0.0",
          "System.Text.Json": "8.0.0"
        }
      },
      "HotChocolate.Types.CursorPagination": {
        "type": "Transitive",
        "resolved": "13.9.14",
        "contentHash": "qwKNO+v283xG7kEUjYxF1gxkLxgum6YD67EX7eNfRwjCY8mmRMgChhsaA/RuvPBkNd0q7o8NFm6yUy+IpIEoQQ==",
        "dependencies": {
          "HotChocolate.Execution": "13.9.14",
          "HotChocolate.Types": "13.9.14"
        }
      },
      "HotChocolate.Types.Mutations": {
        "type": "Transitive",
        "resolved": "13.9.14",
        "contentHash": "GwGjQUkjwlVGECtxYb8F09dwVg4t276Qpm33utAUOi4dr1Q5Lw4vex+2SjKJ+fj5dCGBubwuD4Gg9KPljwcw6Q==",
        "dependencies": {
          "HotChocolate.Execution": "13.9.14",
          "HotChocolate.Types": "13.9.14"
        }
      },
      "HotChocolate.Types.OffsetPagination": {
        "type": "Transitive",
        "resolved": "13.9.14",
        "contentHash": "B2pgoby/oi3vTGdNDFT/GCc5qgM1AYNNkeDYp0tLoQE3gAHgBEMruUkd+ADP/wDS+g1ig7rfw+Zn0UDqga/aMg==",
        "dependencies": {
          "HotChocolate.Execution": "13.9.14",
          "HotChocolate.Types": "13.9.14"
        }
      },
      "HotChocolate.Types.Scalars.Upload": {
        "type": "Transitive",
        "resolved": "13.9.14",
        "contentHash": "4lRqal08JXg2MlBjL3vYZ32icDo3V7z55U6uSBLgdxbuGcUGwK9rqM2yh1GOon+OJGZhvRSedqiFJDrRtgG5gQ==",
        "dependencies": {
          "HotChocolate.Types": "13.9.14"
        }
      },
      "HotChocolate.Types.Shared": {
        "type": "Transitive",
        "resolved": "13.9.14",
        "contentHash": "9AhD08ctQfAH8ASfqPBNv8MH6hGOgPeh4Z9IUhoP3/CQg+oiSENjSKba71zYjROMq9ti41n0Vs7ePqOHMJzVyA==",
        "dependencies": {
          "HotChocolate.Language.SyntaxTree": "13.9.14"
        }
      },
      "HotChocolate.Utilities": {
        "type": "Transitive",
        "resolved": "13.9.14",
        "contentHash": "bt5JEVfsVPZ4t/MiyXiZsBgE8W1p9ZAnNACbG2Hgtv/yGqHr0GDJX1RiZruIcJ2tFs9EH+0bj1ceA78e57pJtg=="
      },
      "HotChocolate.Utilities.DependencyInjection": {
        "type": "Transitive",
        "resolved": "13.9.14",
        "contentHash": "OpPSKmYAXNdLh6aWM2vOG/ZNuODnzpILJ6ksID7tJBTt2jE1xJwlej3EkoPZa7iPHezsIcxo8EJ3tQ7qZlvMhw==",
        "dependencies": {
          "Microsoft.Extensions.DependencyInjection": "8.0.0"
        }
      },
      "HotChocolate.Utilities.Introspection": {
        "type": "Transitive",
        "resolved": "13.9.14",
        "contentHash": "3yc8WIJSVeBrW+HrxaRD0+CN/7FBb3XnJRuDhSb1az4FVC2QQxnyHQeEp2fjJgOLFHy0X+jzPsXeljkuGYi4rg==",
        "dependencies": {
          "HotChocolate.Language": "13.9.14",
          "HotChocolate.Transport.Http": "13.9.14",
          "HotChocolate.Types.Shared": "13.9.14",
          "System.Text.Json": "8.0.0"
        }
      },
      "HotChocolate.Validation": {
        "type": "Transitive",
        "resolved": "13.9.14",
        "contentHash": "eY60bGDJ68dGvZWIalKbOD3bGMblU6SEGsAtCmJf37Lnl+wvv6sVBeeGP/KJIfTnR4ofHE8Rc3BRU+gvVzP2Mg==",
        "dependencies": {
          "HotChocolate.Types": "13.9.14",
          "Microsoft.Extensions.DependencyInjection.Abstractions": "8.0.0",
          "Microsoft.Extensions.Options": "8.0.0"
        }
      },
      "Microsoft.AspNetCore.Authentication.JwtBearer": {
        "type": "Transitive",
        "resolved": "9.0.0",
        "contentHash": "bs+1Pq3vQdS2lTyxNUd9fEhtMsq3eLUpK36k2t56iDMVrk6OrAoFtvrQrTK0Y0OetTcJrUkGU7hBlf+ORzHLqQ==",
        "dependencies": {
          "Microsoft.IdentityModel.Protocols.OpenIdConnect": "8.0.1"
        }
      },
      "Microsoft.AspNetCore.Authentication.OpenIdConnect": {
        "type": "Transitive",
        "resolved": "9.0.0",
        "contentHash": "afrTDM8viZRruJGNkGa0pMhNqgjWBLln3DBPYrQaklOQn+wE9B5ZvOpi7l8l68JEwsBUVKteKyiY1ivPlK6kQw==",
        "dependencies": {
          "Microsoft.IdentityModel.Protocols.OpenIdConnect": "8.0.1"
        }
      },
      "Microsoft.AspNetCore.Cryptography.Internal": {
        "type": "Transitive",
        "resolved": "9.0.0",
        "contentHash": "M1dzTEl+2+RqT4vWcqEpWasPXHd58wC93U7QMlmPSmx+qixyVxCQjZ183wr7Wa68b4pF7wC501MU9rdA0ZNhMg=="
      },
      "Microsoft.AspNetCore.DataProtection": {
        "type": "Transitive",
        "resolved": "9.0.0",
        "contentHash": "mrhTnqMHkaVmaNZOWobg7ior5BELrlC5dC2r3FMVwT0bfOlonOe76B83e3D98Cl/zR5Szhfok2BQmkw6xDvHfg==",
        "dependencies": {
          "Microsoft.AspNetCore.Cryptography.Internal": "9.0.0",
          "Microsoft.AspNetCore.DataProtection.Abstractions": "9.0.0",
          "Microsoft.Extensions.DependencyInjection.Abstractions": "9.0.0",
          "Microsoft.Extensions.Hosting.Abstractions": "9.0.0",
          "Microsoft.Extensions.Logging.Abstractions": "9.0.0",
          "Microsoft.Extensions.Options": "9.0.0",
          "System.Security.Cryptography.Xml": "9.0.0"
        }
      },
      "Microsoft.AspNetCore.DataProtection.Abstractions": {
        "type": "Transitive",
        "resolved": "9.0.0",
        "contentHash": "o7JVGMXofZ4IuQdyoL0eKC1GnNmviZt2aI7CGHnQjqbz9hIrYim3DUfCKpvKaVzLWfzfgmwaXNg8Zx7fFQaBbA=="
      },
      "Microsoft.Bcl.AsyncInterfaces": {
        "type": "Transitive",
        "resolved": "6.0.0",
        "contentHash": "UcSjPsst+DfAdJGVDsu346FX0ci0ah+lw3WRtn18NUwEqRt70HaOQ7lI72vy3+1LxtqI3T5GWwV39rQSrCzAeg=="
      },
      "Microsoft.Extensions.Caching.Abstractions": {
        "type": "Transitive",
        "resolved": "9.0.0",
        "contentHash": "FPWZAa9c0H4dvOj351iR1jkUIs4u9ykL4Bm592yhjDyO5lCoWd+TMAHx2EMbarzUvCvgjWjJIoC6//Q9kH6YhA==",
        "dependencies": {
          "Microsoft.Extensions.Primitives": "9.0.0"
        }
      },
      "Microsoft.Extensions.Caching.Memory": {
        "type": "Transitive",
        "resolved": "9.0.0",
        "contentHash": "zbnPX/JQ0pETRSUG9fNPBvpIq42Aufvs15gGYyNIMhCun9yhmWihz0WgsI7bSDPjxWTKBf8oX/zv6v2uZ3W9OQ==",
        "dependencies": {
          "Microsoft.Extensions.Caching.Abstractions": "9.0.0",
          "Microsoft.Extensions.DependencyInjection.Abstractions": "9.0.0",
          "Microsoft.Extensions.Logging.Abstractions": "9.0.0",
          "Microsoft.Extensions.Options": "9.0.0",
          "Microsoft.Extensions.Primitives": "9.0.0"
        }
      },
      "Microsoft.Extensions.Configuration": {
        "type": "Transitive",
        "resolved": "9.0.2",
        "contentHash": "EBZW+u96tApIvNtjymXEIS44tH0I/jNwABHo4c33AchWOiDWCq2rL3klpnIo+xGrxoVGJzPDISV6hZ+a9C9SzQ==",
        "dependencies": {
          "Microsoft.Extensions.Configuration.Abstractions": "9.0.2",
          "Microsoft.Extensions.Primitives": "9.0.2"
        }
      },
      "Microsoft.Extensions.Configuration.Abstractions": {
        "type": "Transitive",
        "resolved": "9.0.2",
        "contentHash": "I0O/270E/lUNqbBxlRVjxKOMZyYjP88dpEgQTveml+h2lTzAP4vbawLVwjS9SC7lKaU893bwyyNz0IVJYsm9EA==",
        "dependencies": {
          "Microsoft.Extensions.Primitives": "9.0.2"
        }
      },
      "Microsoft.Extensions.Configuration.AzureAppConfiguration": {
        "type": "Transitive",
        "resolved": "8.0.0",
        "contentHash": "xHqFshIHk+j7RKzCi9tbg1jVl8fQpPwWKIsWlCnDGAbFg7RZp4HhhCyo7J0NSVtoE04m7CRs5I4TMXNxvPuvJQ==",
        "dependencies": {
          "Azure.Data.AppConfiguration": "1.4.1",
          "Azure.Messaging.EventGrid": "4.7.0",
          "Azure.Security.KeyVault.Secrets": "4.6.0",
          "DnsClient": "1.7.0",
          "Microsoft.Extensions.Configuration": "6.0.1",
          "Microsoft.Extensions.DependencyInjection.Abstractions": "6.0.0",
          "Microsoft.Extensions.Logging": "6.0.0"
        }
      },
      "Microsoft.Extensions.Configuration.Binder": {
        "type": "Transitive",
        "resolved": "9.0.2",
        "contentHash": "krJ04xR0aPXrOf5dkNASg6aJjsdzexvsMRL6UNOUjiTzqBvRr95sJ1owoKEm89bSONQCfZNhHrAFV9ahDqIPIw==",
        "dependencies": {
          "Microsoft.Extensions.Configuration.Abstractions": "9.0.2"
        }
      },
      "Microsoft.Extensions.DependencyInjection": {
        "type": "Transitive",
        "resolved": "9.0.2",
        "contentHash": "ZffbJrskOZ40JTzcTyKwFHS5eACSWp2bUQBBApIgGV+es8RaTD4OxUG7XxFr3RIPLXtYQ1jQzF2DjKB5fZn7Qg==",
        "dependencies": {
          "Microsoft.Extensions.DependencyInjection.Abstractions": "9.0.2"
        }
      },
      "Microsoft.Extensions.DependencyInjection.Abstractions": {
        "type": "Transitive",
        "resolved": "9.0.2",
        "contentHash": "MNe7GSTBf3jQx5vYrXF0NZvn6l7hUKF6J54ENfAgCO8y6xjN1XUmKKWG464LP2ye6QqDiA1dkaWEZBYnhoZzjg=="
      },
      "Microsoft.Extensions.Diagnostics": {
        "type": "Transitive",
        "resolved": "9.0.2",
        "contentHash": "kwFWk6DPaj1Roc0CExRv+TTwjsiERZA730jQIPlwCcS5tMaCAQtaGfwAK0z8CMFpVTiT+MgKXpd/P50qVCuIgg==",
        "dependencies": {
          "Microsoft.Extensions.Configuration": "9.0.2",
          "Microsoft.Extensions.Diagnostics.Abstractions": "9.0.2",
          "Microsoft.Extensions.Options.ConfigurationExtensions": "9.0.2"
        }
      },
      "Microsoft.Extensions.Diagnostics.Abstractions": {
        "type": "Transitive",
        "resolved": "9.0.2",
        "contentHash": "kFwIZEC/37cwKuEm/nXvjF7A/Myz9O7c7P9Csgz6AOiiDE62zdOG5Bu7VkROu1oMYaX0wgijPJ5LqVt6+JKjVg==",
        "dependencies": {
          "Microsoft.Extensions.DependencyInjection.Abstractions": "9.0.2",
          "Microsoft.Extensions.Options": "9.0.2"
        }
      },
      "Microsoft.Extensions.FileProviders.Abstractions": {
        "type": "Transitive",
        "resolved": "9.0.0",
        "contentHash": "uK439QzYR0q2emLVtYzwyK3x+T5bTY4yWsd/k/ZUS9LR6Sflp8MIdhGXW8kQCd86dQD4tLqvcbLkku8qHY263Q==",
        "dependencies": {
          "Microsoft.Extensions.Primitives": "9.0.0"
        }
      },
      "Microsoft.Extensions.Hosting.Abstractions": {
        "type": "Transitive",
        "resolved": "9.0.0",
        "contentHash": "yUKJgu81ExjvqbNWqZKshBbLntZMbMVz/P7Way2SBx7bMqA08Mfdc9O7hWDKAiSp+zPUGT6LKcSCQIPeDK+CCw==",
        "dependencies": {
          "Microsoft.Extensions.Configuration.Abstractions": "9.0.0",
          "Microsoft.Extensions.DependencyInjection.Abstractions": "9.0.0",
          "Microsoft.Extensions.Diagnostics.Abstractions": "9.0.0",
          "Microsoft.Extensions.FileProviders.Abstractions": "9.0.0",
          "Microsoft.Extensions.Logging.Abstractions": "9.0.0"
        }
      },
      "Microsoft.Extensions.Http": {
        "type": "Transitive",
        "resolved": "9.0.2",
        "contentHash": "34+kcwxPZr3Owk9eZx268+gqGNB8G/8Y96gZHomxam0IOH08FhPBjPrLWDtKdVn4+sVUUJnJMpECSTJi4XXCcg==",
        "dependencies": {
          "Microsoft.Extensions.Configuration.Abstractions": "9.0.2",
          "Microsoft.Extensions.DependencyInjection.Abstractions": "9.0.2",
          "Microsoft.Extensions.Diagnostics": "9.0.2",
          "Microsoft.Extensions.Logging": "9.0.2",
          "Microsoft.Extensions.Logging.Abstractions": "9.0.2",
          "Microsoft.Extensions.Options": "9.0.2"
        }
      },
      "Microsoft.Extensions.Logging": {
        "type": "Transitive",
        "resolved": "9.0.2",
        "contentHash": "loV/0UNpt2bD+6kCDzFALVE63CDtqzPeC0LAetkdhiEr/tTNbvOlQ7CBResH7BQBd3cikrwiBfaHdyHMFUlc2g==",
        "dependencies": {
          "Microsoft.Extensions.DependencyInjection": "9.0.2",
          "Microsoft.Extensions.Logging.Abstractions": "9.0.2",
          "Microsoft.Extensions.Options": "9.0.2"
        }
      },
      "Microsoft.Extensions.Logging.Abstractions": {
        "type": "Transitive",
        "resolved": "9.0.2",
        "contentHash": "dV9s2Lamc8jSaqhl2BQSPn/AryDIH2sSbQUyLitLXV0ROmsb+SROnn2cH939JFbsNrnf3mIM3GNRKT7P0ldwLg==",
        "dependencies": {
          "Microsoft.Extensions.DependencyInjection.Abstractions": "9.0.2"
        }
      },
      "Microsoft.Extensions.Logging.Configuration": {
        "type": "Transitive",
        "resolved": "9.0.0",
        "contentHash": "H05HiqaNmg6GjH34ocYE9Wm1twm3Oz2aXZko8GTwGBzM7op2brpAA8pJ5yyD1OpS1mXUtModBYOlcZ/wXeWsSg==",
        "dependencies": {
          "Microsoft.Extensions.Configuration": "9.0.0",
          "Microsoft.Extensions.Configuration.Abstractions": "9.0.0",
          "Microsoft.Extensions.Configuration.Binder": "9.0.0",
          "Microsoft.Extensions.DependencyInjection.Abstractions": "9.0.0",
          "Microsoft.Extensions.Logging": "9.0.0",
          "Microsoft.Extensions.Logging.Abstractions": "9.0.0",
          "Microsoft.Extensions.Options": "9.0.0",
          "Microsoft.Extensions.Options.ConfigurationExtensions": "9.0.0"
        }
      },
      "Microsoft.Extensions.ObjectPool": {
        "type": "Transitive",
        "resolved": "8.0.0",
        "contentHash": "4pm+XgxSukskwjzDDfSjG4KNUIOdFF2VaqZZDtTzoyQMOVSnlV6ZM8a9aVu5dg9LVZTB//utzSc8fOi0b0Mb2Q=="
      },
      "Microsoft.Extensions.Options": {
        "type": "Transitive",
        "resolved": "9.0.2",
        "contentHash": "zr98z+AN8+isdmDmQRuEJ/DAKZGUTHmdv3t0ZzjHvNqvA44nAgkXE9kYtfoN6581iALChhVaSw2Owt+Z2lVbkQ==",
        "dependencies": {
          "Microsoft.Extensions.DependencyInjection.Abstractions": "9.0.2",
          "Microsoft.Extensions.Primitives": "9.0.2"
        }
      },
      "Microsoft.Extensions.Options.ConfigurationExtensions": {
        "type": "Transitive",
        "resolved": "9.0.2",
        "contentHash": "OPm1NXdMg4Kb4Kz+YHdbBQfekh7MqQZ7liZ5dYUd+IbJakinv9Fl7Ck6Strbgs0a6E76UGbP/jHR532K/7/feQ==",
        "dependencies": {
          "Microsoft.Extensions.Configuration.Abstractions": "9.0.2",
          "Microsoft.Extensions.Configuration.Binder": "9.0.2",
          "Microsoft.Extensions.DependencyInjection.Abstractions": "9.0.2",
          "Microsoft.Extensions.Options": "9.0.2",
          "Microsoft.Extensions.Primitives": "9.0.2"
        }
      },
      "Microsoft.Extensions.Primitives": {
        "type": "Transitive",
        "resolved": "9.0.2",
        "contentHash": "puBMtKe/wLuYa7H6docBkLlfec+h8L35DXqsDKKJgW0WY5oCwJ3cBJKcDaZchv6knAyqOMfsl6VUbaR++E5LXA=="
      },
      "Microsoft.Identity.Abstractions": {
        "type": "Transitive",
        "resolved": "8.1.1",
        "contentHash": "iDtpmzj9m3dMnVKU7KDKo1Ubz1O1PDVBs2NyeHIvr5gv7KrTNAzaB3g+odfZK6opkXdODRWBM60pkCyP8Ag4mw=="
      },
      "Microsoft.Identity.Client": {
        "type": "Transitive",
        "resolved": "4.67.2",
        "contentHash": "37t0TfekfG6XM8kue/xNaA66Qjtti5Qe1xA41CK+bEd8VD76/oXJc+meFJHGzygIC485dCpKoamG/pDfb9Qd7Q==",
        "dependencies": {
          "Microsoft.IdentityModel.Abstractions": "6.35.0",
          "System.Diagnostics.DiagnosticSource": "6.0.1"
        }
      },
      "Microsoft.Identity.Client.Extensions.Msal": {
        "type": "Transitive",
        "resolved": "4.67.2",
        "contentHash": "DKs+Lva6csEUZabw+JkkjtFgVmcXh4pJeQy5KH5XzPOaKNoZhAMYj1qpKd97qYTZKXIFH12bHPk0DA+6krw+Cw==",
        "dependencies": {
          "Microsoft.Identity.Client": "4.67.2",
          "System.Security.Cryptography.ProtectedData": "4.5.0"
        }
      },
      "Microsoft.Identity.Web.Certificate": {
        "type": "Transitive",
        "resolved": "3.7.1",
        "contentHash": "xvExSxXXDWsfVVvAtGkiC/WhNhMQx3F1gZUweq0tBACjfGNHbBQyDR+p2MjLaAe7qZcHpsY+tFsnNPWc2CW10A==",
        "dependencies": {
          "Azure.Identity": "1.11.4",
          "Azure.Security.KeyVault.Certificates": "4.6.0",
          "Azure.Security.KeyVault.Secrets": "4.6.0",
          "Microsoft.Extensions.Logging.Abstractions": "9.0.0",
          "Microsoft.Identity.Abstractions": "8.1.1",
          "Microsoft.Identity.Web.Certificateless": "3.7.1",
          "Microsoft.Identity.Web.Diagnostics": "3.7.1",
          "System.Text.Json": "9.0.0"
        }
      },
      "Microsoft.Identity.Web.Certificateless": {
        "type": "Transitive",
        "resolved": "3.7.1",
        "contentHash": "NHtBsPv3M0iLRljpQAc7CinC9hyBOEtyBXT1deoMfpDlhX7oiRGgTjCTGbg8RUzrEfgXZGm/LspmcEcQbpuZBg==",
        "dependencies": {
          "Microsoft.Extensions.Logging.Abstractions": "2.1.0",
          "Microsoft.Identity.Client": "4.67.2",
          "Microsoft.IdentityModel.JsonWebTokens": "8.5.0",
          "System.Text.Json": "8.0.5"
        }
      },
      "Microsoft.Identity.Web.Diagnostics": {
        "type": "Transitive",
        "resolved": "3.7.1",
        "contentHash": "NlHK6jg1NdzJYMQ83xZtdTLGfsZn5XqInnNlhfot40knQsTeC/QMyH9lAqeBoSk1yvuO51N44/uYx4WT5YCdXQ=="
      },
      "Microsoft.Identity.Web.TokenAcquisition": {
        "type": "Transitive",
        "resolved": "3.7.1",
        "contentHash": "266Ogtn7wxKdeG8a+qZZ+G7koD0qvf7fHB3K4SVJFRNvj9M1LbeP+3lpIiTRRIzXgpYKytyhwW6Zhm/jhw75GA==",
        "dependencies": {
          "Microsoft.AspNetCore.Authentication.JwtBearer": "9.0.0",
          "Microsoft.AspNetCore.Authentication.OpenIdConnect": "9.0.0",
          "Microsoft.Extensions.Http": "3.1.3",
          "Microsoft.Extensions.Options.ConfigurationExtensions": "9.0.0",
          "Microsoft.Identity.Abstractions": "8.1.1",
          "Microsoft.Identity.Web.Certificate": "3.7.1",
          "Microsoft.Identity.Web.Certificateless": "3.7.1",
          "Microsoft.Identity.Web.TokenCache": "3.7.1",
          "Microsoft.IdentityModel.Logging": "8.5.0",
          "Microsoft.IdentityModel.LoggingExtensions": "8.5.0",
          "Microsoft.IdentityModel.Protocols.OpenIdConnect": "8.5.0",
          "System.IdentityModel.Tokens.Jwt": "8.5.0"
        }
      },
      "Microsoft.Identity.Web.TokenCache": {
        "type": "Transitive",
        "resolved": "3.7.1",
        "contentHash": "DzKFWjX/GsMLKX2dPEhd2RUWwHWYLXyztWJCBAgPRpwqlcb4IcFgfyeNuE55/Rb/YkegOgp4wSfTxxMDdZS22A==",
        "dependencies": {
          "Microsoft.AspNetCore.DataProtection": "9.0.0",
          "Microsoft.Extensions.Caching.Memory": "9.0.0",
          "Microsoft.Extensions.Logging": "9.0.0",
          "Microsoft.Identity.Client": "4.67.2",
          "Microsoft.Identity.Web.Diagnostics": "3.7.1",
          "System.Formats.Asn1": "9.0.0",
          "System.Security.Cryptography.Pkcs": "9.0.0",
          "System.Security.Cryptography.Xml": "9.0.0"
        }
      },
      "Microsoft.IdentityModel.Abstractions": {
        "type": "Transitive",
        "resolved": "8.5.0",
        "contentHash": "wdhxpIzpCW49+MR0oeoJqjDA8vtVXCJPrqXx19UsUOpnE+8PX9byVdFJuVPtT8tkExhU+c8eQxw6OLNQW3i0wg=="
      },
      "Microsoft.IdentityModel.JsonWebTokens": {
        "type": "Transitive",
        "resolved": "8.5.0",
        "contentHash": "Wbx1JbFosCdRaQU8TPDrlHfHx3+f7ef7ivDvyooQec7AmOC+uDXpPUiki7qYklSj6OXxfvtPzyMZBqQuEJrccA==",
        "dependencies": {
          "Microsoft.IdentityModel.Tokens": "8.5.0"
        }
      },
      "Microsoft.IdentityModel.Logging": {
        "type": "Transitive",
        "resolved": "8.5.0",
        "contentHash": "UCTOGVp7h+PHrI4Q/yV0LT2k7dbjlzrnFhfqDUsQ91rOFH8ZNRMZYFY/J79KWSl+SZNnu3ecap31z//NevUaEw==",
        "dependencies": {
          "Microsoft.IdentityModel.Abstractions": "8.5.0"
        }
      },
      "Microsoft.IdentityModel.LoggingExtensions": {
        "type": "Transitive",
        "resolved": "8.5.0",
        "contentHash": "VBUpbcmoYRKbN2zwKLYNXQ9BL2MA22XxiEx295DG49K3N3APKQloz1QTfmkncteeivVJUr8aQ9B94DRx0Rj2ZQ==",
        "dependencies": {
          "Microsoft.Extensions.Logging.Abstractions": "2.1.1",
          "Microsoft.IdentityModel.Abstractions": "8.5.0"
        }
      },
      "Microsoft.IdentityModel.Protocols": {
        "type": "Transitive",
        "resolved": "8.5.0",
        "contentHash": "MuhcFUKXT2CZuybaeBgfUplRlFbQNUN5Q/QLnID8L1pCQ1OZtIF/mvX+DuE7uaMEG/YkOhrStWFyu2MYqh09Hg==",
        "dependencies": {
          "Microsoft.IdentityModel.Tokens": "8.5.0"
        }
      },
      "Microsoft.IdentityModel.Protocols.OpenIdConnect": {
        "type": "Transitive",
        "resolved": "8.5.0",
        "contentHash": "Wt+fcb0m4pNgmeM2FbGQE+cD7lkvmeiqtudup9WOz9P3XkCvW/yBK0w+c7uIRTAgp6QHFV1RKhk5/vSGXJulmg==",
        "dependencies": {
          "Microsoft.IdentityModel.Protocols": "8.5.0",
          "System.IdentityModel.Tokens.Jwt": "8.5.0"
        }
      },
      "Microsoft.IdentityModel.Tokens": {
        "type": "Transitive",
        "resolved": "8.5.0",
        "contentHash": "dYxp8/JvBpRD5c4H9jBJbKRJnvzvqayEXajr8e1JFdEVMvQXAylPWNwnXghzuGCjKc4bbel2pnDKlKjQnWZlgQ==",
        "dependencies": {
          "Microsoft.Extensions.Logging.Abstractions": "9.0.0",
          "Microsoft.IdentityModel.Logging": "8.5.0"
        }
      },
      "Microsoft.IdentityModel.Validators": {
        "type": "Transitive",
        "resolved": "8.5.0",
        "contentHash": "xbUJH0ZZXNAVbQDQv3UGZc4tdw8NZLQlKJwMeINi7BJPqJN0TtVsXeNt6r4l1cMwTWBcuP3v+SiK8kaEPIHYPQ==",
        "dependencies": {
          "Microsoft.IdentityModel.Protocols": "8.5.0",
          "Microsoft.IdentityModel.Protocols.OpenIdConnect": "8.5.0",
          "Microsoft.IdentityModel.Tokens": "8.5.0",
          "System.IdentityModel.Tokens.Jwt": "8.5.0"
        }
      },
      "Microsoft.NETCore.Platforms": {
        "type": "Transitive",
        "resolved": "5.0.0",
        "contentHash": "VyPlqzH2wavqquTcYpkIIAQ6WdenuKoFN0BdYBbCWsclXacSOHNQn66Gt4z5NBqEYW0FAPm5rlvki9ZiCij5xQ=="
      },
      "Microsoft.Win32.Registry": {
        "type": "Transitive",
        "resolved": "5.0.0",
        "contentHash": "dDoKi0PnDz31yAyETfRntsLArTlVAVzUzCIvvEDsDsucrl33Dl8pIJG06ePTJTI3tGpeyHS9Cq7Foc/s4EeKcg==",
        "dependencies": {
          "System.Security.AccessControl": "5.0.0",
          "System.Security.Principal.Windows": "5.0.0"
        }
      },
      "OpenTelemetry.Api": {
        "type": "Transitive",
        "resolved": "1.11.1",
        "contentHash": "KaBjGMqrqQv41mIkvPUvmAG7yxDlI6qchKhjXlOF3ZwsdcRRLrdrkiDLIJ90iZgUoKVdP8fE1fCri9nc+ug0Cg==",
        "dependencies": {
          "System.Diagnostics.DiagnosticSource": "9.0.0"
        }
      },
      "OpenTelemetry.Api.ProviderBuilderExtensions": {
        "type": "Transitive",
        "resolved": "1.11.1",
        "contentHash": "vMdNMQeW55jXIa/Kybec/br6jC+rWybniTi6DCW5lz1kGghKso+J+FC3uBgiq0/pTqusfeDbO5PEHGM/r5z8Ow==",
        "dependencies": {
          "Microsoft.Extensions.DependencyInjection.Abstractions": "9.0.0",
          "OpenTelemetry.Api": "1.11.1"
        }
      },
      "OpenTelemetry.PersistentStorage.Abstractions": {
        "type": "Transitive",
        "resolved": "1.0.0",
        "contentHash": "7ZtgGFPCovixOwJ+azTsMTkadM5u1SPYRKOXqYz0jWNbrzVGJmvktLr7eS4ncwcve86BW9nAZW++vjdfIXyt7g=="
      },
      "OpenTelemetry.PersistentStorage.FileSystem": {
        "type": "Transitive",
        "resolved": "1.0.0",
        "contentHash": "MBz/D9Lo2tKfVMmk5tPVQ1RwiWL+if4b6wv7KJOeBmio5lv0twRLAQxkBHfnLpcf66oWAQS6AaFykmn1Atww1Q==",
        "dependencies": {
          "OpenTelemetry.PersistentStorage.Abstractions": "1.0.0"
        }
      },
      "Pipelines.Sockets.Unofficial": {
        "type": "Transitive",
        "resolved": "2.2.2",
        "contentHash": "Bhk0FWxH1paI+18zr1g5cTL+ebeuDcBCR+rRFO+fKEhretgjs7MF2Mc1P64FGLecWp4zKCUOPzngBNrqVyY7Zg==",
        "dependencies": {
          "System.IO.Pipelines": "5.0.1"
        }
      },
      "StackExchange.Redis": {
        "type": "Transitive",
        "resolved": "2.6.80",
        "contentHash": "97wrhWUJ7QQfcTr+QWflB/emzHEZF7zQSRG2iRbqbaVsYvaImtrl3i4vm3/Sc+1DfQRVhPqfDUTl0XvTjabx3w==",
        "dependencies": {
          "Pipelines.Sockets.Unofficial": "2.2.2"
        }
      },
      "System.ClientModel": {
        "type": "Transitive",
        "resolved": "1.1.0",
        "contentHash": "UocOlCkxLZrG2CKMAAImPcldJTxeesHnHGHwhJ0pNlZEvEXcWKuQvVOER2/NiOkJGRJk978SNdw3j6/7O9H1lg==",
        "dependencies": {
          "System.Memory.Data": "1.0.2",
          "System.Text.Json": "6.0.9"
        }
      },
      "System.Collections.Immutable": {
        "type": "Transitive",
        "resolved": "8.0.0",
        "contentHash": "AurL6Y5BA1WotzlEvVaIDpqzpIPvYnnldxru8oXJU2yFxFUy3+pNXjXd1ymO+RA0rq0+590Q8gaz2l3Sr7fmqg=="
      },
      "System.ComponentModel.Annotations": {
        "type": "Transitive",
        "resolved": "5.0.0",
        "contentHash": "dMkqfy2el8A8/I76n2Hi1oBFEbG1SfxD2l5nhwXV3XjlnOmwxJlQbYpJH4W51odnU9sARCSAgv7S3CyAFMkpYg=="
      },
      "System.Diagnostics.DiagnosticSource": {
        "type": "Transitive",
        "resolved": "9.0.0",
        "contentHash": "ddppcFpnbohLWdYKr/ZeLZHmmI+DXFgZ3Snq+/E7SwcdW4UnvxmaugkwGywvGVWkHPGCSZjCP+MLzu23AL5SDw=="
      },
      "System.Formats.Asn1": {
        "type": "Transitive",
        "resolved": "9.0.0",
        "contentHash": "VRDjgfqV0hCma5HBQa46nZTRuqfYMWZClwxUtvLJVTCeDp9Esdvr91AfEWP98IMO8ooSv1yXb6/oCc6jApoXvQ=="
      },
      "System.IdentityModel.Tokens.Jwt": {
        "type": "Transitive",
        "resolved": "8.5.0",
        "contentHash": "ZUdVIyD2mJg5+hOtjnHFQRp+wCZraV6XTp734LFIGwVnCbvcgYKgsiUvlBCiS6fXs6wdY8wlMa7cFluD+RE+6g==",
        "dependencies": {
          "Microsoft.IdentityModel.JsonWebTokens": "8.5.0",
          "Microsoft.IdentityModel.Tokens": "8.5.0"
        }
      },
      "System.IO.Hashing": {
        "type": "Transitive",
        "resolved": "8.0.0",
        "contentHash": "ne1843evDugl0md7Fjzy6QjJrzsjh46ZKbhf8GwBXb5f/gw97J4bxMs0NQKifDuThh/f0bZ0e62NPl1jzTuRqA=="
      },
      "System.IO.Pipelines": {
        "type": "Transitive",
        "resolved": "8.0.0",
        "contentHash": "FHNOatmUq0sqJOkTx+UF/9YK1f180cnW5FVqnQMvYUN0elp6wFzbtPSiqbo1/ru8ICp43JM1i7kKkk6GsNGHlA=="
      },
      "System.Memory": {
        "type": "Transitive",
        "resolved": "4.5.5",
        "contentHash": "XIWiDvKPXaTveaB7HVganDlOCRoj03l+jrwNvcge/t8vhGYKvqV+dMv6G4SAX2NoNmN0wZfVPTAlFwZcZvVOUw=="
      },
      "System.Memory.Data": {
        "type": "Transitive",
        "resolved": "6.0.0",
        "contentHash": "ntFHArH3I4Lpjf5m4DCXQHJuGwWPNVJPaAvM95Jy/u+2Yzt2ryiyIN04LAogkjP9DeRcEOiviAjQotfmPq/FrQ==",
        "dependencies": {
          "System.Text.Json": "6.0.0"
        }
      },
      "System.Numerics.Vectors": {
        "type": "Transitive",
        "resolved": "4.5.0",
        "contentHash": "QQTlPTl06J/iiDbJCiepZ4H//BVraReU4O4EoRw1U02H5TLUIT7xn3GnDp9AXPSlJUDyFs4uWjWafNX6WrAojQ=="
      },
      "System.Runtime.CompilerServices.Unsafe": {
        "type": "Transitive",
        "resolved": "6.0.0",
        "contentHash": "/iUeP3tq1S0XdNNoMz5C9twLSrM/TH+qElHkXWaPvuNOt+99G75NrV0OS2EqHx5wMN7popYjpc8oTjC1y16DLg=="
      },
      "System.Security.AccessControl": {
        "type": "Transitive",
        "resolved": "5.0.0",
        "contentHash": "dagJ1mHZO3Ani8GH0PHpPEe/oYO+rVdbQjvjJkBRNQkX4t0r1iaeGn8+/ybkSLEan3/slM0t59SVdHzuHf2jmw==",
        "dependencies": {
          "Microsoft.NETCore.Platforms": "5.0.0",
          "System.Security.Principal.Windows": "5.0.0"
        }
      },
      "System.Security.Cryptography.Pkcs": {
        "type": "Transitive",
        "resolved": "9.0.0",
        "contentHash": "8tluJF8w9si+2yoHeL8rgVJS6lKvWomTDC8px65Z8MCzzdME5eaPtEQf4OfVGrAxB5fW93ncucy1+221O9EQaw=="
      },
      "System.Security.Cryptography.ProtectedData": {
        "type": "Transitive",
        "resolved": "4.5.0",
        "contentHash": "wLBKzFnDCxP12VL9ANydSYhk59fC4cvOr9ypYQLPnAj48NQIhqnjdD2yhP8yEKyBJEjERWS9DisKL7rX5eU25Q=="
      },
      "System.Security.Cryptography.Xml": {
        "type": "Transitive",
        "resolved": "9.0.0",
        "contentHash": "GQZn5wFd+pyOfwWaCbqxG7trQ5ox01oR8kYgWflgtux4HiUNihGEgG2TktRWyH+9bw7NoEju1D41H/upwQeFQw==",
        "dependencies": {
          "System.Security.Cryptography.Pkcs": "9.0.0"
        }
      },
      "System.Security.Principal.Windows": {
        "type": "Transitive",
        "resolved": "5.0.0",
        "contentHash": "t0MGLukB5WAVU9bO3MGzvlGnyJPgUlcwerXn1kzBRjwLKixT96XV0Uza41W49gVd8zEMFu9vQEFlv0IOrytICA=="
      },
      "System.Text.Encodings.Web": {
        "type": "Transitive",
        "resolved": "6.0.0",
        "contentHash": "Vg8eB5Tawm1IFqj4TVK1czJX89rhFxJo9ELqc/Eiq0eXy13RK00eubyU6TJE6y+GQXjyV5gSfiewDUZjQgSE0w==",
        "dependencies": {
          "System.Runtime.CompilerServices.Unsafe": "6.0.0"
        }
      },
      "System.Text.Json": {
        "type": "Transitive",
        "resolved": "9.0.0",
        "contentHash": "js7+qAu/9mQvnhA4EfGMZNEzXtJCDxgkgj8ohuxq/Qxv+R56G+ljefhiJHOxTNiw54q8vmABCWUwkMulNdlZ4A=="
      },
      "System.Threading.Channels": {
        "type": "Transitive",
        "resolved": "8.0.0",
        "contentHash": "CMaFr7v+57RW7uZfZkPExsPB6ljwzhjACWW1gfU35Y56rk72B/Wu+sTqxVmGSk4SFUlPc3cjeKND0zktziyjBA=="
      },
      "System.Threading.Tasks.Extensions": {
        "type": "Transitive",
        "resolved": "4.5.4",
        "contentHash": "zteT+G8xuGu6mS+mzDzYXbzS7rd3K6Fjb9RiZlYlJPam2/hU7JCBZBVEcywNuR+oZ1ncTvc/cq0faRr3P01OVg=="
      }
    }
  }
}